{
  "name": "june2022-ts",
  "lockfileVersion": 2,
  "requires": true,
  "packages": {
    "": {
      "dependencies": {
        "@types/lodash": "^4.14.182",
        "@types/screeps": "^3.3.0",
        "typescript": "^4.7.3"
      },
      "devDependencies": {
        "@types/node": "^17.0.41"
      }
    },
    "node_modules/@types/lodash": {
      "version": "4.14.182",
      "resolved": "https://registry.npmjs.org/@types/lodash/-/lodash-4.14.182.tgz",
      "integrity": "sha512-/THyiqyQAP9AfARo4pF+aCGcyiQ94tX/Is2I7HofNRqoYLgN1PBoOWu2/zTA5zMxzP5EFutMtWtGAFRKUe961Q=="
    },
    "node_modules/@types/node": {
      "version": "17.0.41",
      "resolved": "https://registry.npmjs.org/@types/node/-/node-17.0.41.tgz",
      "integrity": "sha512-xA6drNNeqb5YyV5fO3OAEsnXLfO7uF0whiOfPTz5AeDo8KeZFmODKnvwPymMNO8qE/an8pVY/O50tig2SQCrGw==",
      "dev": true
    },
    "node_modules/@types/screeps": {
      "version": "3.3.0",
      "resolved": "https://registry.npmjs.org/@types/screeps/-/screeps-3.3.0.tgz",
      "integrity": "sha512-1Fw/U0V0INPS4rS+SpjRi3zswf5cxgwTdNVN0UksWAkuVidS/4NCCx0LHZqvOByx6kP8J+7O9z3SMzK5prz5cA=="
    },
    "node_modules/typescript": {
      "version": "4.7.3",
      "resolved": "https://registry.npmjs.org/typescript/-/typescript-4.7.3.tgz",
      "integrity": "sha512-WOkT3XYvrpXx4vMMqlD+8R8R37fZkjyLGlxavMc4iB8lrl8L0DeTcHbYgw/v0N/z9wAFsgBhcsF0ruoySS22mA==",
      "bin": {
        "tsc": "bin/tsc",
        "tsserver": "bin/tsserver"
      },
      "engines": {
        "node": ">=4.2.0"
      }
    }
  },
  "dependencies": {
    "@types/lodash": {
      "version": "4.14.182",
      "resolved": "https://registry.npmjs.org/@types/lodash/-/lodash-4.14.182.tgz",
      "integrity": "sha512-/THyiqyQAP9AfARo4pF+aCGcyiQ94tX/Is2I7HofNRqoYLgN1PBoOWu2/zTA5zMxzP5EFutMtWtGAFRKUe961Q=="
    },
    "@types/node": {
      "version": "17.0.41",
      "resolved": "https://registry.npmjs.org/@types/node/-/node-17.0.41.tgz",
      "integrity": "sha512-xA6drNNeqb5YyV5fO3OAEsnXLfO7uF0whiOfPTz5AeDo8KeZFmODKnvwPymMNO8qE/an8pVY/O50tig2SQCrGw==",
      "dev": true
    },
    "@types/screeps": {
      "version": "3.3.0",
      "resolved": "https://registry.npmjs.org/@types/screeps/-/screeps-3.3.0.tgz",
      "integrity": "sha512-1Fw/U0V0INPS4rS+SpjRi3zswf5cxgwTdNVN0UksWAkuVidS/4NCCx0LHZqvOByx6kP8J+7O9z3SMzK5prz5cA=="
    },
    "typescript": {
      "version": "4.7.3",
      "resolved": "https://registry.npmjs.org/typescript/-/typescript-4.7.3.tgz",
      "integrity": "sha512-WOkT3XYvrpXx4vMMqlD+8R8R37fZkjyLGlxavMc4iB8lrl8L0DeTcHbYgw/v0N/z9wAFsgBhcsF0ruoySS22mA=="
    }
  }
}
